Microsoft Visual Studio Solution File, Format Version 12.00
# Visual Studio Version 17
VisualStudioVersion = 17.5.2.0
MinimumVisualStudioVersion = 10.0.40219.1
Project("{FAE04EC0-301F-11D3-BF4B-00C04F79EFBC}") = "web-api-dotnet-course", "web-api-dotnet-course.csproj", "{F9403BE5-F309-6E15-F632-A4BF8DA975D9}"
EndProject
Global
	GlobalSection(SolutionConfigurationPlatforms) = preSolution
		Debug|Any CPU = Debug|Any CPU
		Release|Any CPU = Release|Any CPU
	EndGlobalSection
	GlobalSection(ProjectConfigurationPlatforms) = postSolution
		{F9403BE5-F309-6E15-F632-A4BF8DA975D9}.Debug|Any CPU.ActiveCfg = Debug|Any CPU
		{F9403BE5-F309-6E15-F632-A4BF8DA975D9}.Debug|Any CPU.Build.0 = Debug|Any CPU
		{F9403BE5-F309-6E15-F632-A4BF8DA975D9}.Release|Any CPU.ActiveCfg = Release|Any CPU
		{F9403BE5-F309-6E15-F632-A4BF8DA975D9}.Release|Any CPU.Build.0 = Release|Any CPU
	EndGlobalSection
	GlobalSection(SolutionProperties) = preSolution
		HideSolutionNode = FALSE
	EndGlobalSection
	GlobalSection(ExtensibilityGlobals) = postSolution
		SolutionGuid = {16C72B0B-5C98-41F0-B72A-3AE58EE0AF84}
	EndGlobalSection
EndGlobal
